
Microsoft Visual Studio Solution File, Format Version 12.00
# Visual Studio 15
VisualStudioVersion = 15.0.28307.1500
MinimumVisualStudioVersion = 10.0.40219.1
Project("{FAE04EC0-301F-11D3-BF4B-00C04F79EFBC}") = "PeppolID_Sync", "PeppolID_Sync\PeppolID_Sync.csproj", "{C4EFEEED-6BF1-407D-BC04-D7A1D9035CB8}"
EndProject
Global
	GlobalSection(SolutionConfigurationPlatforms) = preSolution
		Debug|Any CPU = Debug|Any CPU
		Debug|x64 = Debug|x64
		Debug|x86 = Debug|x86
		Release|Any CPU = Release|Any CPU
		Release|x64 = Release|x64
		Release|x86 = Release|x86
	EndGlobalSection
	GlobalSection(ProjectConfigurationPlatforms) = postSolution
		{C4EFEEED-6BF1-407D-BC04-D7A1D9035CB8}.Debug|Any CPU.ActiveCfg = Debug|Any CPU
		{C4EFEEED-6BF1-407D-BC04-D7A1D9035CB8}.Debug|Any CPU.Build.0 = Debug|Any CPU
		{C4EFEEED-6BF1-407D-BC04-D7A1D9035CB8}.Debug|x64.ActiveCfg = Debug|x64
		{C4EFEEED-6BF1-407D-BC04-D7A1D9035CB8}.Debug|x64.Build.0 = Debug|x64
		{C4EFEEED-6BF1-407D-BC04-D7A1D9035CB8}.Debug|x86.ActiveCfg = Debug|x86
		{C4EFEEED-6BF1-407D-BC04-D7A1D9035CB8}.Debug|x86.Build.0 = Debug|x86
		{C4EFEEED-6BF1-407D-BC04-D7A1D9035CB8}.Release|Any CPU.ActiveCfg = Release|Any CPU
		{C4EFEEED-6BF1-407D-BC04-D7A1D9035CB8}.Release|Any CPU.Build.0 = Release|Any CPU
		{C4EFEEED-6BF1-407D-BC04-D7A1D9035CB8}.Release|x64.ActiveCfg = Release|x64
		{C4EFEEED-6BF1-407D-BC04-D7A1D9035CB8}.Release|x64.Build.0 = Release|x64
		{C4EFEEED-6BF1-407D-BC04-D7A1D9035CB8}.Release|x86.ActiveCfg = Release|x86
		{C4EFEEED-6BF1-407D-BC04-D7A1D9035CB8}.Release|x86.Build.0 = Release|x86
	EndGlobalSection
	GlobalSection(SolutionProperties) = preSolution
		HideSolutionNode = FALSE
	EndGlobalSection
	GlobalSection(ExtensibilityGlobals) = postSolution
		SolutionGuid = {3E311BD6-CD91-4AEF-8977-BC0BC3962F98}
	EndGlobalSection
EndGlobal
